{"SurveyEntry":{"SurveyID":"SV_6gICJeRXy26jLTv","SurveyName":"Qualtrics Survey Template Demo","SurveyDescription":null,"SurveyOwnerID":"UR_0x5an9Mruw3IpKt","SurveyBrandID":"neu","DivisionID":null,"SurveyLanguage":"EN","SurveyActiveResponseSet":"RS_bat6E5bXozcEYFT","SurveyStatus":"Active","SurveyStartDate":"0000-00-00 00:00:00","SurveyExpirationDate":"0000-00-00 00:00:00","SurveyCreationDate":"2018-08-19 07:48:56","CreatorID":"UR_0x5an9Mruw3IpKt","LastModified":"2018-08-19 07:59:52","LastAccessed":"0000-00-00 00:00:00","LastActivated":"2018-08-19 07:55:56","Deleted":null},"SurveyElements":[{"SurveyID":"SV_6gICJeRXy26jLTv","Element":"BL","PrimaryAttribute":"Survey Blocks","SecondaryAttribute":null,"TertiaryAttribute":null,"Payload":[{"Type":"Default","Description":"Default Question Block","ID":"BL_ey5kqiJOus5JVop","BlockElements":[{"Type":"Question","QuestionID":"QID1"},{"Type":"Page Break"},{"Type":"Question","QuestionID":"QID2"}]},{"Type":"Trash","Description":"Trash \/ Unused Questions","ID":"BL_4SLb9FG4rfF074N","BlockElements":[{"Type":"Question","QuestionID":"QID3"}]}]},{"SurveyID":"SV_6gICJeRXy26jLTv","Element":"FL","PrimaryAttribute":"Survey Flow","SecondaryAttribute":null,"TertiaryAttribute":null,"Payload":{"Type":"Root","FlowID":"FL_1","Flow":[{"Type":"Block","ID":"BL_ey5kqiJOus5JVop","FlowID":"FL_2"},{"Type":"EmbeddedData","FlowID":"FL_3","EmbeddedData":[{"Description":"testId","Type":"Recipient","Field":"testId","VariableType":"String","DataVisibility":[],"AnalyzeText":false},{"Description":"subjectId","Type":"Recipient","Field":"subjectId","VariableType":"String","DataVisibility":[],"AnalyzeText":false}]}],"Properties":{"Count":3,"RemovedFieldsets":[]}}},{"SurveyID":"SV_6gICJeRXy26jLTv","Element":"SO","PrimaryAttribute":"Survey Options","SecondaryAttribute":null,"TertiaryAttribute":null,"Payload":{"BackButton":"false","SaveAndContinue":"true","SurveyProtection":"PublicSurvey","BallotBoxStuffingPrevention":"false","NoIndex":"Yes","SecureResponseFiles":"true","SurveyExpiration":"None","SurveyTermination":"DefaultMessage","Header":"","Footer":"","ProgressBarDisplay":"None","PartialData":"+1 week","ValidationMessage":"","PreviousButton":" \u2190 ","NextButton":" \u2192 ","SkinLibrary":"neu","SkinType":"MQ","Skin":"cpsneu2","NewScoring":1}},{"SurveyID":"SV_6gICJeRXy26jLTv","Element":"SCO","PrimaryAttribute":"Scoring","SecondaryAttribute":null,"TertiaryAttribute":null,"Payload":{"ScoringCategories":[],"ScoringCategoryGroups":[],"ScoringSummaryCategory":null,"ScoringSummaryAfterQuestions":0,"ScoringSummaryAfterSurvey":0,"DefaultScoringCategory":null,"AutoScoringCategory":null}},{"SurveyID":"SV_6gICJeRXy26jLTv","Element":"PROJ","PrimaryAttribute":"CORE","SecondaryAttribute":null,"TertiaryAttribute":"1.1.0","Payload":{"ProjectCategory":"CORE","SchemaVersion":"1.1.0"}},{"SurveyID":"SV_6gICJeRXy26jLTv","Element":"STAT","PrimaryAttribute":"Survey Statistics","SecondaryAttribute":null,"TertiaryAttribute":null,"Payload":{"MobileCompatible":true,"ID":"Survey Statistics"}},{"SurveyID":"SV_6gICJeRXy26jLTv","Element":"QC","PrimaryAttribute":"Survey Question Count","SecondaryAttribute":"3","TertiaryAttribute":null,"Payload":null},{"SurveyID":"SV_6gICJeRXy26jLTv","Element":"SQ","PrimaryAttribute":"QID2","SecondaryAttribute":"Click the button below to return to Volunteer Science","TertiaryAttribute":null,"Payload":{"QuestionText":"Click the button below to return to Volunteer Science","QuestionJS":"Qualtrics.SurveyEngine.addOnload(function()\n{\n\t\/*Place Your Javascript Below This Line*\/\n\tparent.postMessage('popupConsent',\"*\");\n});","DefaultChoices":false,"DataExportTag":"Q3","QuestionType":"DB","Selector":"TB","DataVisibility":{"Private":false,"Hidden":false},"Configuration":{"QuestionDescriptionOption":"UseText"},"QuestionDescription":"Click the button below to return to Volunteer Science","ChoiceOrder":[],"Validation":{"Settings":{"Type":"None"}},"GradingData":[],"Language":[],"NextChoiceId":1,"NextAnswerId":1,"QuestionID":"QID2"}},{"SurveyID":"SV_6gICJeRXy26jLTv","Element":"SQ","PrimaryAttribute":"QID3","SecondaryAttribute":"Click to write the question text","TertiaryAttribute":null,"Payload":{"QuestionText":"Click to write the question text","DefaultChoices":false,"DataExportTag":"Q4","QuestionType":"DB","Selector":"TB","Configuration":{"QuestionDescriptionOption":"UseText"},"QuestionDescription":"Click to write the question text","ChoiceOrder":[],"Validation":{"Settings":{"Type":"None"}},"GradingData":[],"Language":[],"NextChoiceId":4,"NextAnswerId":1,"QuestionID":"QID3","DataVisibility":{"Private":false,"Hidden":false}}},{"SurveyID":"SV_6gICJeRXy26jLTv","Element":"RS","PrimaryAttribute":"RS_bat6E5bXozcEYFT","SecondaryAttribute":"Default Response Set","TertiaryAttribute":null,"Payload":null},{"SurveyID":"SV_6gICJeRXy26jLTv","Element":"SQ","PrimaryAttribute":"QID1","SecondaryAttribute":"You've made it to our demo survey. Here is your Subject ID: ${e:\/\/Field\/subjectId} Test ID: ...","TertiaryAttribute":null,"Payload":{"QuestionText":"<div>You've made it to our demo survey. Here is your<\/div><div><br><\/div>\n\n<div>Subject ID: ${e:\/\/Field\/subjectId}<\/div><div>Test ID: ${e:\/\/Field\/testId}<\/div>","DefaultChoices":false,"DataExportTag":"Q1","QuestionType":"DB","Selector":"TB","Configuration":{"QuestionDescriptionOption":"UseText"},"QuestionDescription":"You've made it to our demo survey. Here is your Subject ID: ${e:\/\/Field\/subjectId} Test ID: ...","ChoiceOrder":[],"Validation":{"Settings":{"Type":"None"}},"GradingData":[],"Language":[],"NextChoiceId":4,"NextAnswerId":1,"QuestionID":"QID1","DataVisibility":{"Private":false,"Hidden":false}}}]}